// !$*UTF8*$!
{
	archiveVersion = 1;
	classes = {
	};
	objectVersion = 50;
	objects = {

/* Begin PBXBuildFile section */
		FC2E7435266CAFFB002D53EC /* GitHubClientApp.swift in Sources */ = {isa = PBXBuildFile; fileRef = FC2E7434266CAFFB002D53EC /* GitHubClientApp.swift */; };
		FC2E7437266CAFFB002D53EC /* RepoListView.swift in Sources */ = {isa = PBXBuildFile; fileRef = FC2E7436266CAFFB002D53EC /* RepoListView.swift */; };
		FC2E7439266CB004002D53EC /* Assets.xcassets in Resources */ = {isa = PBXBuildFile; fileRef = FC2E7438266CB004002D53EC /* Assets.xcassets */; };
		FC2E743C266CB004002D53EC /* Preview Assets.xcassets in Resources */ = {isa = PBXBuildFile; fileRef = FC2E743B266CB004002D53EC /* Preview Assets.xcassets */; };
		FC2E7444266CB57C002D53EC /* Repo.swift in Sources */ = {isa = PBXBuildFile; fileRef = FC2E7443266CB57C002D53EC /* Repo.swift */; };
		FC2E7446266CB587002D53EC /* User.swift in Sources */ = {isa = PBXBuildFile; fileRef = FC2E7445266CB587002D53EC /* User.swift */; };
		FC2E7449266CB813002D53EC /* RepoRow.swift in Sources */ = {isa = PBXBuildFile; fileRef = FC2E7448266CB813002D53EC /* RepoRow.swift */; };
		FC2E744B266CB8C2002D53EC /* RepoDetailView.swift in Sources */ = {isa = PBXBuildFile; fileRef = FC2E744A266CB8C2002D53EC /* RepoDetailView.swift */; };
		FC2E744F266CBF81002D53EC /* Repo+mock.swift in Sources */ = {isa = PBXBuildFile; fileRef = FC2E744E266CBF81002D53EC /* Repo+mock.swift */; };
		FC2E7451266CBF94002D53EC /* User+mock.swift in Sources */ = {isa = PBXBuildFile; fileRef = FC2E7450266CBF94002D53EC /* User+mock.swift */; };
		FC2E746E2675FEF0002D53EC /* RepoListViewModel.swift in Sources */ = {isa = PBXBuildFile; fileRef = FC2E746D2675FEF0002D53EC /* RepoListViewModel.swift */; };
		FC2E74702675FF22002D53EC /* RepoRepository.swift in Sources */ = {isa = PBXBuildFile; fileRef = FC2E746F2675FF22002D53EC /* RepoRepository.swift */; };
		FC2E74722675FF34002D53EC /* RepoAPIClient.swift in Sources */ = {isa = PBXBuildFile; fileRef = FC2E74712675FF34002D53EC /* RepoAPIClient.swift */; };
/* End PBXBuildFile section */

/* Begin PBXFileReference section */
		FC2E7431266CAFFB002D53EC /* GitHubClient.app */ = {isa = PBXFileReference; explicitFileType = wrapper.application; includeInIndex = 0; path = GitHubClient.app; sourceTree = BUILT_PRODUCTS_DIR; };
		FC2E7434266CAFFB002D53EC /* GitHubClientApp.swift */ = {isa = PBXFileReference; lastKnownFileType = sourcecode.swift; path = GitHubClientApp.swift; sourceTree = "<group>"; };
		FC2E7436266CAFFB002D53EC /* RepoListView.swift */ = {isa = PBXFileReference; lastKnownFileType = sourcecode.swift; path = RepoListView.swift; sourceTree = "<group>"; };
		FC2E7438266CB004002D53EC /* Assets.xcassets */ = {isa = PBXFileReference; lastKnownFileType = folder.assetcatalog; path = Assets.xcassets; sourceTree = "<group>"; };
		FC2E743B266CB004002D53EC /* Preview Assets.xcassets */ = {isa = PBXFileReference; lastKnownFileType = folder.assetcatalog; path = "Preview Assets.xcassets"; sourceTree = "<group>"; };
		FC2E743D266CB004002D53EC /* Info.plist */ = {isa = PBXFileReference; lastKnownFileType = text.plist.xml; path = Info.plist; sourceTree = "<group>"; };
		FC2E7443266CB57C002D53EC /* Repo.swift */ = {isa = PBXFileReference; lastKnownFileType = sourcecode.swift; path = Repo.swift; sourceTree = "<group>"; };
		FC2E7445266CB587002D53EC /* User.swift */ = {isa = PBXFileReference; lastKnownFileType = sourcecode.swift; path = User.swift; sourceTree = "<group>"; };
		FC2E7448266CB813002D53EC /* RepoRow.swift */ = {isa = PBXFileReference; lastKnownFileType = sourcecode.swift; path = RepoRow.swift; sourceTree = "<group>"; };
		FC2E744A266CB8C2002D53EC /* RepoDetailView.swift */ = {isa = PBXFileReference; lastKnownFileType = sourcecode.swift; path = RepoDetailView.swift; sourceTree = "<group>"; };
		FC2E744E266CBF81002D53EC /* Repo+mock.swift */ = {isa = PBXFileReference; lastKnownFileType = sourcecode.swift; path = "Repo+mock.swift"; sourceTree = "<group>"; };
		FC2E7450266CBF94002D53EC /* User+mock.swift */ = {isa = PBXFileReference; lastKnownFileType = sourcecode.swift; path = "User+mock.swift"; sourceTree = "<group>"; };
		FC2E746D2675FEF0002D53EC /* RepoListViewModel.swift */ = {isa = PBXFileReference; lastKnownFileType = sourcecode.swift; path = RepoListViewModel.swift; sourceTree = "<group>"; };
		FC2E746F2675FF22002D53EC /* RepoRepository.swift */ = {isa = PBXFileReference; lastKnownFileType = sourcecode.swift; path = RepoRepository.swift; sourceTree = "<group>"; };
		FC2E74712675FF34002D53EC /* RepoAPIClient.swift */ = {isa = PBXFileReference; lastKnownFileType = sourcecode.swift; path = RepoAPIClient.swift; sourceTree = "<group>"; };
/* End PBXFileReference section */

/* Begin PBXFrameworksBuildPhase section */
		FC2E742E266CAFFB002D53EC /* Frameworks */ = {
			isa = PBXFrameworksBuildPhase;
			buildActionMask = 2147483647;
			files = (
			);
			runOnlyForDeploymentPostprocessing = 0;
		};
/* End PBXFrameworksBuildPhase section */

/* Begin PBXGroup section */
		FC2E7428266CAFFB002D53EC = {
			isa = PBXGroup;
			children = (
				FC2E7433266CAFFB002D53EC /* GitHubClient */,
				FC2E7432266CAFFB002D53EC /* Products */,
			);
			sourceTree = "<group>";
		};
		FC2E7432266CAFFB002D53EC /* Products */ = {
			isa = PBXGroup;
			children = (
				FC2E7431266CAFFB002D53EC /* GitHubClient.app */,
			);
			name = Products;
			sourceTree = "<group>";
		};
		FC2E7433266CAFFB002D53EC /* GitHubClient */ = {
			isa = PBXGroup;
			children = (
				FC2E7434266CAFFB002D53EC /* GitHubClientApp.swift */,
				FC2E744C266CB8E6002D53EC /* Views */,
				FC2E7447266CB590002D53EC /* Models */,
				FC2E7438266CB004002D53EC /* Assets.xcassets */,
				FC2E743D266CB004002D53EC /* Info.plist */,
				FC2E743A266CB004002D53EC /* Preview Content */,
			);
			path = GitHubClient;
			sourceTree = "<group>";
		};
		FC2E743A266CB004002D53EC /* Preview Content */ = {
			isa = PBXGroup;
			children = (
				FC2E744D266CBEA6002D53EC /* Mocks */,
				FC2E743B266CB004002D53EC /* Preview Assets.xcassets */,
			);
			path = "Preview Content";
			sourceTree = "<group>";
		};
		FC2E7447266CB590002D53EC /* Models */ = {
			isa = PBXGroup;
			children = (
				FC2E7443266CB57C002D53EC /* Repo.swift */,
				FC2E7445266CB587002D53EC /* User.swift */,
			);
			path = Models;
			sourceTree = "<group>";
		};
		FC2E744C266CB8E6002D53EC /* Views */ = {
			isa = PBXGroup;
			children = (
				FC2E7436266CAFFB002D53EC /* RepoListView.swift */,
				FC2E746D2675FEF0002D53EC /* RepoListViewModel.swift */,
				FC2E746F2675FF22002D53EC /* RepoRepository.swift */,
				FC2E74712675FF34002D53EC /* RepoAPIClient.swift */,
				FC2E7448266CB813002D53EC /* RepoRow.swift */,
				FC2E744A266CB8C2002D53EC /* RepoDetailView.swift */,
			);
			path = Views;
			sourceTree = "<group>";
		};
		FC2E744D266CBEA6002D53EC /* Mocks */ = {
			isa = PBXGroup;
			children = (
				FC2E744E266CBF81002D53EC /* Repo+mock.swift */,
				FC2E7450266CBF94002D53EC /* User+mock.swift */,
			);
			path = Mocks;
			sourceTree = "<group>";
		};
/* End PBXGroup section */

/* Begin PBXNativeTarget section */
		FC2E7430266CAFFB002D53EC /* GitHubClient */ = {
			isa = PBXNativeTarget;
			buildConfigurationList = FC2E7440266CB004002D53EC /* Build configuration list for PBXNativeTarget "GitHubClient" */;
			buildPhases = (
				FC2E742D266CAFFB002D53EC /* Sources */,
				FC2E742E266CAFFB002D53EC /* Frameworks */,
				FC2E742F266CAFFB002D53EC /* Resources */,
			);
			buildRules = (
			);
			dependencies = (
			);
			name = GitHubClient;
			productName = GitHubClient;
			productReference = FC2E7431266CAFFB002D53EC /* GitHubClient.app */;
			productType = "com.apple.product-type.application";
		};
/* End PBXNativeTarget section */

/* Begin PBXProject section */
		FC2E7429266CAFFB002D53EC /* Project object */ = {
			isa = PBXProject;
			attributes = {
				LastSwiftUpdateCheck = 1250;
				LastUpgradeCheck = 1250;
				TargetAttributes = {
					FC2E7430266CAFFB002D53EC = {
						CreatedOnToolsVersion = 12.5;
					};
				};
			};
			buildConfigurationList = FC2E742C266CAFFB002D53EC /* Build configuration list for PBXProject "GitHubClient" */;
			compatibilityVersion = "Xcode 9.3";
			developmentRegion = en;
			hasScannedForEncodings = 0;
			knownRegions = (
				en,
				Base,
			);
			mainGroup = FC2E7428266CAFFB002D53EC;
			productRefGroup = FC2E7432266CAFFB002D53EC /* Products */;
			projectDirPath = "";
			projectRoot = "";
			targets = (
				FC2E7430266CAFFB002D53EC /* GitHubClient */,
			);
		};
/* End PBXProject section */

/* Begin PBXResourcesBuildPhase section */
		FC2E742F266CAFFB002D53EC /* Resources */ = {
			isa = PBXResourcesBuildPhase;
			buildActionMask = 2147483647;
			files = (
				FC2E743C266CB004002D53EC /* Preview Assets.xcassets in Resources */,
				FC2E7439266CB004002D53EC /* Assets.xcassets in Resources */,
			);
			runOnlyForDeploymentPostprocessing = 0;
		};
/* End PBXResourcesBuildPhase section */

/* Begin PBXSourcesBuildPhase section */
		FC2E742D266CAFFB002D53EC /* Sources */ = {
			isa = PBXSourcesBuildPhase;
			buildActionMask = 2147483647;
			files = (
				FC2E7449266CB813002D53EC /* RepoRow.swift in Sources */,
				FC2E74702675FF22002D53EC /* RepoRepository.swift in Sources */,
				FC2E744F266CBF81002D53EC /* Repo+mock.swift in Sources */,
				FC2E7446266CB587002D53EC /* User.swift in Sources */,
				FC2E7444266CB57C002D53EC /* Repo.swift in Sources */,
				FC2E744B266CB8C2002D53EC /* RepoDetailView.swift in Sources */,
				FC2E7437266CAFFB002D53EC /* RepoListView.swift in Sources */,
				FC2E7451266CBF94002D53EC /* User+mock.swift in Sources */,
				FC2E7435266CAFFB002D53EC /* GitHubClientApp.swift in Sources */,
				FC2E74722675FF34002D53EC /* RepoAPIClient.swift in Sources */,
				FC2E746E2675FEF0002D53EC /* RepoListViewModel.swift in Sources */,
			);
			runOnlyForDeploymentPostprocessing = 0;
		};
/* End PBXSourcesBuildPhase section */

/* Begin XCBuildConfiguration section */
		FC2E743E266CB004002D53EC /* Debug */ = {
			isa = XCBuildConfiguration;
			buildSettings = {
				ALWAYS_SEARCH_USER_PATHS = NO;
				CLANG_ANALYZER_NONNULL = YES;
				CLANG_ANALYZER_NUMBER_OBJECT_CONVERSION = YES_AGGRESSIVE;
				CLANG_CXX_LANGUAGE_STANDARD = "gnu++14";
				CLANG_CXX_LIBRARY = "libc++";
				CLANG_ENABLE_MODULES = YES;
				CLANG_ENABLE_OBJC_ARC = YES;
				CLANG_ENABLE_OBJC_WEAK = YES;
				CLANG_WARN_BLOCK_CAPTURE_AUTORELEASING = YES;
				CLANG_WARN_BOOL_CONVERSION = YES;
				CLANG_WARN_COMMA = YES;
				CLANG_WARN_CONSTANT_CONVERSION = YES;
				CLANG_WARN_DEPRECATED_OBJC_IMPLEMENTATIONS = YES;
				CLANG_WARN_DIRECT_OBJC_ISA_USAGE = YES_ERROR;
				CLANG_WARN_DOCUMENTATION_COMMENTS = YES;
				CLANG_WARN_EMPTY_BODY = YES;
				CLANG_WARN_ENUM_CONVERSION = YES;
				CLANG_WARN_INFINITE_RECURSION = YES;
				CLANG_WARN_INT_CONVERSION = YES;
				CLANG_WARN_NON_LITERAL_NULL_CONVERSION = YES;
				CLANG_WARN_OBJC_IMPLICIT_RETAIN_SELF = YES;
				CLANG_WARN_OBJC_LITERAL_CONVERSION = YES;
				CLANG_WARN_OBJC_ROOT_CLASS = YES_ERROR;
				CLANG_WARN_QUOTED_INCLUDE_IN_FRAMEWORK_HEADER = YES;
				CLANG_WARN_RANGE_LOOP_ANALYSIS = YES;
				CLANG_WARN_STRICT_PROTOTYPES = YES;
				CLANG_WARN_SUSPICIOUS_MOVE = YES;
				CLANG_WARN_UNGUARDED_AVAILABILITY = YES_AGGRESSIVE;
				CLANG_WARN_UNREACHABLE_CODE = YES;
				CLANG_WARN__DUPLICATE_METHOD_MATCH = YES;
				COPY_PHASE_STRIP = NO;
				DEBUG_INFORMATION_FORMAT = dwarf;
				ENABLE_STRICT_OBJC_MSGSEND = YES;
				ENABLE_TESTABILITY = YES;
				GCC_C_LANGUAGE_STANDARD = gnu11;
				GCC_DYNAMIC_NO_PIC = NO;
				GCC_NO_COMMON_BLOCKS = YES;
				GCC_OPTIMIZATION_LEVEL = 0;
				GCC_PREPROCESSOR_DEFINITIONS = (
					"DEBUG=1",
					"$(inherited)",
				);
				GCC_WARN_64_TO_32_BIT_CONVERSION = YES;
				GCC_WARN_ABOUT_RETURN_TYPE = YES_ERROR;
				GCC_WARN_UNDECLARED_SELECTOR = YES;
				GCC_WARN_UNINITIALIZED_AUTOS = YES_AGGRESSIVE;
				GCC_WARN_UNUSED_FUNCTION = YES;
				GCC_WARN_UNUSED_VARIABLE = YES;
				IPHONEOS_DEPLOYMENT_TARGET = 14.5;
				MTL_ENABLE_DEBUG_INFO = INCLUDE_SOURCE;
				MTL_FAST_MATH = YES;
				ONLY_ACTIVE_ARCH = YES;
				SDKROOT = iphoneos;
				SWIFT_ACTIVE_COMPILATION_CONDITIONS = DEBUG;
				SWIFT_OPTIMIZATION_LEVEL = "-Onone";
			};
			name = Debug;
		};
		FC2E743F266CB004002D53EC /* Release */ = {
			isa = XCBuildConfiguration;
			buildSettings = {
				ALWAYS_SEARCH_USER_PATHS = NO;
				CLANG_ANALYZER_NONNULL = YES;
				CLANG_ANALYZER_NUMBER_OBJECT_CONVERSION = YES_AGGRESSIVE;
				CLANG_CXX_LANGUAGE_STANDARD = "gnu++14";
				CLANG_CXX_LIBRARY = "libc++";
				CLANG_ENABLE_MODULES = YES;
				CLANG_ENABLE_OBJC_ARC = YES;
				CLANG_ENABLE_OBJC_WEAK = YES;
				CLANG_WARN_BLOCK_CAPTURE_AUTORELEASING = YES;
				CLANG_WARN_BOOL_CONVERSION = YES;
				CLANG_WARN_COMMA = YES;
				CLANG_WARN_CONSTANT_CONVERSION = YES;
				CLANG_WARN_DEPRECATED_OBJC_IMPLEMENTATIONS = YES;
				CLANG_WARN_DIRECT_OBJC_ISA_USAGE = YES_ERROR;
				CLANG_WARN_DOCUMENTATION_COMMENTS = YES;
				CLANG_WARN_EMPTY_BODY = YES;
				CLANG_WARN_ENUM_CONVERSION = YES;
				CLANG_WARN_INFINITE_RECURSION = YES;
				CLANG_WARN_INT_CONVERSION = YES;
				CLANG_WARN_NON_LITERAL_NULL_CONVERSION = YES;
				CLANG_WARN_OBJC_IMPLICIT_RETAIN_SELF = YES;
				CLANG_WARN_OBJC_LITERAL_CONVERSION = YES;
				CLANG_WARN_OBJC_ROOT_CLASS = YES_ERROR;
				CLANG_WARN_QUOTED_INCLUDE_IN_FRAMEWORK_HEADER = YES;
				CLANG_WARN_RANGE_LOOP_ANALYSIS = YES;
				CLANG_WARN_STRICT_PROTOTYPES = YES;
				CLANG_WARN_SUSPICIOUS_MOVE = YES;
				CLANG_WARN_UNGUARDED_AVAILABILITY = YES_AGGRESSIVE;
				CLANG_WARN_UNREACHABLE_CODE = YES;
				CLANG_WARN__DUPLICATE_METHOD_MATCH = YES;
				COPY_PHASE_STRIP = NO;
				DEBUG_INFORMATION_FORMAT = "dwarf-with-dsym";
				ENABLE_NS_ASSERTIONS = NO;
				ENABLE_STRICT_OBJC_MSGSEND = YES;
				GCC_C_LANGUAGE_STANDARD = gnu11;
				GCC_NO_COMMON_BLOCKS = YES;
				GCC_WARN_64_TO_32_BIT_CONVERSION = YES;
				GCC_WARN_ABOUT_RETURN_TYPE = YES_ERROR;
				GCC_WARN_UNDECLARED_SELECTOR = YES;
				GCC_WARN_UNINITIALIZED_AUTOS = YES_AGGRESSIVE;
				GCC_WARN_UNUSED_FUNCTION = YES;
				GCC_WARN_UNUSED_VARIABLE = YES;
				IPHONEOS_DEPLOYMENT_TARGET = 14.5;
				MTL_ENABLE_DEBUG_INFO = NO;
				MTL_FAST_MATH = YES;
				SDKROOT = iphoneos;
				SWIFT_COMPILATION_MODE = wholemodule;
				SWIFT_OPTIMIZATION_LEVEL = "-O";
				VALIDATE_PRODUCT = YES;
			};
			name = Release;
		};
		FC2E7441266CB004002D53EC /* Debug */ = {
			isa = XCBuildConfiguration;
			buildSettings = {
				ASSETCATALOG_COMPILER_APPICON_NAME = AppIcon;
				ASSETCATALOG_COMPILER_GLOBAL_ACCENT_COLOR_NAME = AccentColor;
				CODE_SIGN_STYLE = Automatic;
				DEVELOPMENT_ASSET_PATHS = "\"GitHubClient/Preview Content\"";
				DEVELOPMENT_TEAM = 62R8899FU5;
				ENABLE_PREVIEWS = YES;
				INFOPLIST_FILE = GitHubClient/Info.plist;
				IPHONEOS_DEPLOYMENT_TARGET = 14.0;
				LD_RUNPATH_SEARCH_PATHS = (
					"$(inherited)",
					"@executable_path/Frameworks",
				);
				PRODUCT_BUNDLE_IDENTIFIER = com.miseri.GitHubClient;
				PRODUCT_NAME = "$(TARGET_NAME)";
				SWIFT_VERSION = 5.0;
				TARGETED_DEVICE_FAMILY = "1,2";
			};
			name = Debug;
		};
		FC2E7442266CB004002D53EC /* Release */ = {
			isa = XCBuildConfiguration;
			buildSettings = {
				ASSETCATALOG_COMPILER_APPICON_NAME = AppIcon;
				ASSETCATALOG_COMPILER_GLOBAL_ACCENT_COLOR_NAME = AccentColor;
				CODE_SIGN_STYLE = Automatic;
				DEVELOPMENT_ASSET_PATHS = "\"GitHubClient/Preview Content\"";
				DEVELOPMENT_TEAM = 62R8899FU5;
				ENABLE_PREVIEWS = YES;
				INFOPLIST_FILE = GitHubClient/Info.plist;
				IPHONEOS_DEPLOYMENT_TARGET = 14.0;
				LD_RUNPATH_SEARCH_PATHS = (
					"$(inherited)",
					"@executable_path/Frameworks",
				);
				PRODUCT_BUNDLE_IDENTIFIER = com.miseri.GitHubClient;
				PRODUCT_NAME = "$(TARGET_NAME)";
				SWIFT_VERSION = 5.0;
				TARGETED_DEVICE_FAMILY = "1,2";
			};
			name = Release;
		};
/* End XCBuildConfiguration section */

/* Begin XCConfigurationList section */
		FC2E742C266CAFFB002D53EC /* Build configuration list for PBXProject "GitHubClient" */ = {
			isa = XCConfigurationList;
			buildConfigurations = (
				FC2E743E266CB004002D53EC /* Debug */,
				FC2E743F266CB004002D53EC /* Release */,
			);
			defaultConfigurationIsVisible = 0;
			defaultConfigurationName = Release;
		};
		FC2E7440266CB004002D53EC /* Build configuration list for PBXNativeTarget "GitHubClient" */ = {
			isa = XCConfigurationList;
			buildConfigurations = (
				FC2E7441266CB004002D53EC /* Debug */,
				FC2E7442266CB004002D53EC /* Release */,
			);
			defaultConfigurationIsVisible = 0;
			defaultConfigurationName = Release;
		};
/* End XCConfigurationList section */
	};
	rootObject = FC2E7429266CAFFB002D53EC /* Project object */;
}
